
Microsoft Visual Studio Solution File, Format Version 11.00
# Visual Studio 2010
# SharpDevelop 4.3.0.8827-alpha
Project("{FAE04EC0-301F-11D3-BF4B-00C04F79EFBC}") = "Core", "Project\Core\Core.csproj", "{8BD52B95-EB55-47BE-B97D-E634935DF9BA}"
EndProject
Project("{FAE04EC0-301F-11D3-BF4B-00C04F79EFBC}") = "Binding", "Project\Binding\Binding.csproj", "{7A5360E2-642B-4C4B-80DE-2C4AF7CA20AD}"
EndProject
Global
	GlobalSection(SolutionConfigurationPlatforms) = preSolution
		Debug|Any CPU = Debug|Any CPU
		Debug|Mixed Platforms = Debug|Mixed Platforms
		Release|Any CPU = Release|Any CPU
		Release|Mixed Platforms = Release|Mixed Platforms
		Debug|x86 = Debug|x86
		Release|x86 = Release|x86
	EndGlobalSection
	GlobalSection(ProjectConfigurationPlatforms) = postSolution
		{8BD52B95-EB55-47BE-B97D-E634935DF9BA}.Debug|Any CPU.ActiveCfg = Debug|x86
		{8BD52B95-EB55-47BE-B97D-E634935DF9BA}.Debug|Any CPU.Build.0 = Debug|x86
		{8BD52B95-EB55-47BE-B97D-E634935DF9BA}.Debug|Mixed Platforms.ActiveCfg = Debug|x86
		{8BD52B95-EB55-47BE-B97D-E634935DF9BA}.Debug|Mixed Platforms.Build.0 = Debug|x86
		{8BD52B95-EB55-47BE-B97D-E634935DF9BA}.Release|Any CPU.ActiveCfg = Release|x86
		{8BD52B95-EB55-47BE-B97D-E634935DF9BA}.Release|Any CPU.Build.0 = Release|x86
		{8BD52B95-EB55-47BE-B97D-E634935DF9BA}.Release|Mixed Platforms.ActiveCfg = Release|x86
		{8BD52B95-EB55-47BE-B97D-E634935DF9BA}.Release|Mixed Platforms.Build.0 = Release|x86
		{7A5360E2-642B-4C4B-80DE-2C4AF7CA20AD}.Debug|Any CPU.ActiveCfg = Debug|Any CPU
		{7A5360E2-642B-4C4B-80DE-2C4AF7CA20AD}.Debug|Any CPU.Build.0 = Debug|Any CPU
		{7A5360E2-642B-4C4B-80DE-2C4AF7CA20AD}.Debug|Mixed Platforms.ActiveCfg = Debug|Any CPU
		{7A5360E2-642B-4C4B-80DE-2C4AF7CA20AD}.Debug|Mixed Platforms.Build.0 = Debug|Any CPU
		{7A5360E2-642B-4C4B-80DE-2C4AF7CA20AD}.Release|Any CPU.ActiveCfg = Release|Any CPU
		{7A5360E2-642B-4C4B-80DE-2C4AF7CA20AD}.Release|Any CPU.Build.0 = Release|Any CPU
		{7A5360E2-642B-4C4B-80DE-2C4AF7CA20AD}.Release|Mixed Platforms.ActiveCfg = Release|Any CPU
		{7A5360E2-642B-4C4B-80DE-2C4AF7CA20AD}.Release|Mixed Platforms.Build.0 = Release|Any CPU
		{8BD52B95-EB55-47BE-B97D-E634935DF9BA}.Debug|x86.Build.0 = Debug|x86
		{8BD52B95-EB55-47BE-B97D-E634935DF9BA}.Debug|x86.ActiveCfg = Debug|x86
		{8BD52B95-EB55-47BE-B97D-E634935DF9BA}.Release|x86.Build.0 = Release|x86
		{8BD52B95-EB55-47BE-B97D-E634935DF9BA}.Release|x86.ActiveCfg = Release|x86
		{7A5360E2-642B-4C4B-80DE-2C4AF7CA20AD}.Debug|x86.Build.0 = Debug|Any CPU
		{7A5360E2-642B-4C4B-80DE-2C4AF7CA20AD}.Debug|x86.ActiveCfg = Debug|Any CPU
		{7A5360E2-642B-4C4B-80DE-2C4AF7CA20AD}.Release|x86.Build.0 = Release|Any CPU
		{7A5360E2-642B-4C4B-80DE-2C4AF7CA20AD}.Release|x86.ActiveCfg = Release|Any CPU
	EndGlobalSection
	GlobalSection(SolutionProperties) = preSolution
		HideSolutionNode = FALSE
	EndGlobalSection
EndGlobal
